dependencies:
- name: common
  repository: file://../common
  version: 1.17.1
- name: mongodb
  repository: file://../mongodb
  version: 12.1.31
- name: free5gc-amf
  repository: file://../free5gc-amf
  version: 0.1.0
- name: free5gc-ausf
  repository: file://../free5gc-ausf
  version: 0.1.0
- name: free5gc-chf
  repository: file://../free5gc-chf
  version: 0.1.0
- name: free5gc-nrf
  repository: file://../free5gc-nrf
  version: 0.1.0
- name: free5gc-nssf
  repository: file://../free5gc-nssf
  version: 0.1.0
- name: free5gc-pcf
  repository: file://../free5gc-pcf
  version: 0.1.0
- name: free5gc-smf
  repository: file://../free5gc-smf
  version: 0.1.0
- name: free5gc-udm
  repository: file://../free5gc-udm
  version: 0.1.0
- name: free5gc-udr
  repository: file://../free5gc-udr
  version: 0.1.0
- name: free5gc-upf
  repository: file://../free5gc-upf
  version: 0.1.0
- name: free5gc-webui
  repository: file://../free5gc-webui
  version: 0.1.0
- name: free5gc-smf1
  repository: file://../free5gc-smf1
  version: 0.1.0
- name: free5gc-upf1
  repository: file://../free5gc-upf1
  version: 0.1.0
digest: sha256:7715014f4528f340958a76be2f84ae03905672baeba6a0dc27846add1ba787a3
generated: "2024-05-08T21:45:46.578795541+08:00"
